// !$*UTF8*$!
{
	archiveVersion = 1;
	classes = {
	};
	objectVersion = 50;
	objects = {

/* Begin PBXBuildFile section */
		A915696C2158D17700AD5B34 /* JSONWebToken.framework in Frameworks */ = {isa = PBXBuildFile; fileRef = A91569622158D17700AD5B34 /* JSONWebToken.framework */; };
		A91569712158D17700AD5B34 /* JSONWebTokenTests.swift in Sources */ = {isa = PBXBuildFile; fileRef = A91569702158D17700AD5B34 /* JSONWebTokenTests.swift */; };
		A91569732158D17700AD5B34 /* JSONWebToken.h in Headers */ = {isa = PBXBuildFile; fileRef = A91569652158D17700AD5B34 /* JSONWebToken.h */; settings = {ATTRIBUTES = (Public, ); }; };
		E0384A42DC4E4DD60EB1F800 /* Pods_JSONWebToken.framework in Frameworks */ = {isa = PBXBuildFile; fileRef = B57DBD4477005B34A3BDB205 /* Pods_JSONWebToken.framework */; };
/* End PBXBuildFile section */

/* Begin PBXContainerItemProxy section */
		A915696D2158D17700AD5B34 /* PBXContainerItemProxy */ = {
			isa = PBXContainerItemProxy;
			containerPortal = A91569592158D17700AD5B34 /* Project object */;
			proxyType = 1;
			remoteGlobalIDString = A91569612158D17700AD5B34;
			remoteInfo = JSONWebToken;
		};
/* End PBXContainerItemProxy section */

/* Begin PBXFileReference section */
		370A3A309550266C741FEA6D /* Pods-JSONWebToken.release.xcconfig */ = {isa = PBXFileReference; includeInIndex = 1; lastKnownFileType = text.xcconfig; name = "Pods-JSONWebToken.release.xcconfig"; path = "Pods/Target Support Files/Pods-JSONWebToken/Pods-JSONWebToken.release.xcconfig"; sourceTree = "<group>"; };
		97AC09F19ED1BBD3A955E695 /* Pods-JSONWebToken.debug.xcconfig */ = {isa = PBXFileReference; includeInIndex = 1; lastKnownFileType = text.xcconfig; name = "Pods-JSONWebToken.debug.xcconfig"; path = "Pods/Target Support Files/Pods-JSONWebToken/Pods-JSONWebToken.debug.xcconfig"; sourceTree = "<group>"; };
		A91569622158D17700AD5B34 /* JSONWebToken.framework */ = {isa = PBXFileReference; explicitFileType = wrapper.framework; includeInIndex = 0; path = JSONWebToken.framework; sourceTree = BUILT_PRODUCTS_DIR; };
		A91569652158D17700AD5B34 /* JSONWebToken.h */ = {isa = PBXFileReference; lastKnownFileType = sourcecode.c.h; path = JSONWebToken.h; sourceTree = "<group>"; };
		A91569662158D17700AD5B34 /* Info.plist */ = {isa = PBXFileReference; lastKnownFileType = text.plist.xml; path = Info.plist; sourceTree = "<group>"; };
		A915696B2158D17700AD5B34 /* JSONWebTokenTests.xctest */ = {isa = PBXFileReference; explicitFileType = wrapper.cfbundle; includeInIndex = 0; path = JSONWebTokenTests.xctest; sourceTree = BUILT_PRODUCTS_DIR; };
		A91569702158D17700AD5B34 /* JSONWebTokenTests.swift */ = {isa = PBXFileReference; lastKnownFileType = sourcecode.swift; path = JSONWebTokenTests.swift; sourceTree = "<group>"; };
		A91569722158D17700AD5B34 /* Info.plist */ = {isa = PBXFileReference; lastKnownFileType = text.plist.xml; path = Info.plist; sourceTree = "<group>"; };
		B57DBD4477005B34A3BDB205 /* Pods_JSONWebToken.framework */ = {isa = PBXFileReference; explicitFileType = wrapper.framework; includeInIndex = 0; path = Pods_JSONWebToken.framework; sourceTree = BUILT_PRODUCTS_DIR; };
/* End PBXFileReference section */

/* Begin PBXFrameworksBuildPhase section */
		A915695E2158D17700AD5B34 /* Frameworks */ = {
			isa = PBXFrameworksBuildPhase;
			buildActionMask = 2147483647;
			files = (
				E0384A42DC4E4DD60EB1F800 /* Pods_JSONWebToken.framework in Frameworks */,
			);
			runOnlyForDeploymentPostprocessing = 0;
		};
		A91569682158D17700AD5B34 /* Frameworks */ = {
			isa = PBXFrameworksBuildPhase;
			buildActionMask = 2147483647;
			files = (
				A915696C2158D17700AD5B34 /* JSONWebToken.framework in Frameworks */,
			);
			runOnlyForDeploymentPostprocessing = 0;
		};
/* End PBXFrameworksBuildPhase section */

/* Begin PBXGroup section */
		638C79F6F13EDAD43C6FD24E /* Pods */ = {
			isa = PBXGroup;
			children = (
				97AC09F19ED1BBD3A955E695 /* Pods-JSONWebToken.debug.xcconfig */,
				370A3A309550266C741FEA6D /* Pods-JSONWebToken.release.xcconfig */,
			);
			name = Pods;
			sourceTree = "<group>";
		};
		8C3C21867B4A595275D6061D /* Frameworks */ = {
			isa = PBXGroup;
			children = (
				B57DBD4477005B34A3BDB205 /* Pods_JSONWebToken.framework */,
			);
			name = Frameworks;
			sourceTree = "<group>";
		};
		A91569582158D17700AD5B34 = {
			isa = PBXGroup;
			children = (
				A91569642158D17700AD5B34 /* JSONWebToken */,
				A915696F2158D17700AD5B34 /* JSONWebTokenTests */,
				A91569632158D17700AD5B34 /* Products */,
				638C79F6F13EDAD43C6FD24E /* Pods */,
				8C3C21867B4A595275D6061D /* Frameworks */,
			);
			sourceTree = "<group>";
		};
		A91569632158D17700AD5B34 /* Products */ = {
			isa = PBXGroup;
			children = (
				A91569622158D17700AD5B34 /* JSONWebToken.framework */,
				A915696B2158D17700AD5B34 /* JSONWebTokenTests.xctest */,
			);
			name = Products;
			sourceTree = "<group>";
		};
		A91569642158D17700AD5B34 /* JSONWebToken */ = {
			isa = PBXGroup;
			children = (
				A91569652158D17700AD5B34 /* JSONWebToken.h */,
				A91569662158D17700AD5B34 /* Info.plist */,
			);
			path = JSONWebToken;
			sourceTree = "<group>";
		};
		A915696F2158D17700AD5B34 /* JSONWebTokenTests */ = {
			isa = PBXGroup;
			children = (
				A91569702158D17700AD5B34 /* JSONWebTokenTests.swift */,
				A91569722158D17700AD5B34 /* Info.plist */,
			);
			path = JSONWebTokenTests;
			sourceTree = "<group>";
		};
/* End PBXGroup section */

/* Begin PBXHeadersBuildPhase section */
		A915695F2158D17700AD5B34 /* Headers */ = {
			isa = PBXHeadersBuildPhase;
			buildActionMask = 2147483647;
			files = (
				A91569732158D17700AD5B34 /* JSONWebToken.h in Headers */,
			);
			runOnlyForDeploymentPostprocessing = 0;
		};
/* End PBXHeadersBuildPhase section */

/* Begin PBXNativeTarget section */
		A91569612158D17700AD5B34 /* JSONWebToken */ = {
			isa = PBXNativeTarget;
			buildConfigurationList = A91569762158D17700AD5B34 /* Build configuration list for PBXNativeTarget "JSONWebToken" */;
			buildPhases = (
				11398F60E423C05B3842C227 /* [CP] Check Pods Manifest.lock */,
				A915695D2158D17700AD5B34 /* Sources */,
				A915695E2158D17700AD5B34 /* Frameworks */,
				A915695F2158D17700AD5B34 /* Headers */,
				A91569602158D17700AD5B34 /* Resources */,
			);
			buildRules = (
			);
			dependencies = (
			);
			name = JSONWebToken;
			productName = JSONWebToken;
			productReference = A91569622158D17700AD5B34 /* JSONWebToken.framework */;
			productType = "com.apple.product-type.framework";
		};
		A915696A2158D17700AD5B34 /* JSONWebTokenTests */ = {
			isa = PBXNativeTarget;
			buildConfigurationList = A91569792158D17700AD5B34 /* Build configuration list for PBXNativeTarget "JSONWebTokenTests" */;
			buildPhases = (
				A91569672158D17700AD5B34 /* Sources */,
				A91569682158D17700AD5B34 /* Frameworks */,
				A91569692158D17700AD5B34 /* Resources */,
			);
			buildRules = (
			);
			dependencies = (
				A915696E2158D17700AD5B34 /* PBXTargetDependency */,
			);
			name = JSONWebTokenTests;
			productName = JSONWebTokenTests;
			productReference = A915696B2158D17700AD5B34 /* JSONWebTokenTests.xctest */;
			productType = "com.apple.product-type.bundle.unit-test";
		};
/* End PBXNativeTarget section */

/* Begin PBXProject section */
		A91569592158D17700AD5B34 /* Project object */ = {
			isa = PBXProject;
			attributes = {
				LastSwiftUpdateCheck = 0940;
				LastUpgradeCheck = 0940;
				ORGANIZATIONNAME = "Emil Sandstrom";
				TargetAttributes = {
					A91569612158D17700AD5B34 = {
						CreatedOnToolsVersion = 9.4.1;
					};
					A915696A2158D17700AD5B34 = {
						CreatedOnToolsVersion = 9.4.1;
					};
				};
			};
			buildConfigurationList = A915695C2158D17700AD5B34 /* Build configuration list for PBXProject "JSONWebToken" */;
			compatibilityVersion = "Xcode 9.3";
			developmentRegion = en;
			hasScannedForEncodings = 0;
			knownRegions = (
				en,
			);
			mainGroup = A91569582158D17700AD5B34;
			productRefGroup = A91569632158D17700AD5B34 /* Products */;
			projectDirPath = "";
			projectRoot = "";
			targets = (
				A91569612158D17700AD5B34 /* JSONWebToken */,
				A915696A2158D17700AD5B34 /* JSONWebTokenTests */,
			);
		};
/* End PBXProject section */

/* Begin PBXResourcesBuildPhase section */
		A91569602158D17700AD5B34 /* Resources */ = {
			isa = PBXResourcesBuildPhase;
			buildActionMask = 2147483647;
			files = (
			);
			runOnlyForDeploymentPostprocessing = 0;
		};
		A91569692158D17700AD5B34 /* Resources */ = {
			isa = PBXResourcesBuildPhase;
			buildActionMask = 2147483647;
			files = (
			);
			runOnlyForDeploymentPostprocessing = 0;
		};
/* End PBXResourcesBuildPhase section */

/* Begin PBXShellScriptBuildPhase section */
		11398F60E423C05B3842C227 /* [CP] Check Pods Manifest.lock */ = {
			isa = PBXShellScriptBuildPhase;
			buildActionMask = 2147483647;
			files = (
			);
			inputPaths = (
				"${PODS_PODFILE_DIR_PATH}/Podfile.lock",
				"${PODS_ROOT}/Manifest.lock",
			);
			name = "[CP] Check Pods Manifest.lock";
			outputPaths = (
				"$(DERIVED_FILE_DIR)/Pods-JSONWebToken-checkManifestLockResult.txt",
			);
			runOnlyForDeploymentPostprocessing = 0;
			shellPath = /bin/sh;
			shellScript = "diff \"${PODS_PODFILE_DIR_PATH}/Podfile.lock\" \"${PODS_ROOT}/Manifest.lock\" > /dev/null\nif [ $? != 0 ] ; then\n    # print error to STDERR\n    echo \"error: The sandbox is not in sync with the Podfile.lock. Run 'pod install' or update your CocoaPods installation.\" >&2\n    exit 1\nfi\n# This output is used by Xcode 'outputs' to avoid re-running this script phase.\necho \"SUCCESS\" > \"${SCRIPT_OUTPUT_FILE_0}\"\n";
			showEnvVarsInLog = 0;
		};
/* End PBXShellScriptBuildPhase section */

/* Begin PBXSourcesBuildPhase section */
		A915695D2158D17700AD5B34 /* Sources */ = {
			isa = PBXSourcesBuildPhase;
			buildActionMask = 2147483647;
			files = (
			);
			runOnlyForDeploymentPostprocessing = 0;
		};
		A91569672158D17700AD5B34 /* Sources */ = {
			isa = PBXSourcesBuildPhase;
			buildActionMask = 2147483647;
			files = (
				A91569712158D17700AD5B34 /* JSONWebTokenTests.swift in Sources */,
			);
			runOnlyForDeploymentPostprocessing = 0;
		};
/* End PBXSourcesBuildPhase section */

/* Begin PBXTargetDependency section */
		A915696E2158D17700AD5B34 /* PBXTargetDependency */ = {
			isa = PBXTargetDependency;
			target = A91569612158D17700AD5B34 /* JSONWebToken */;
			targetProxy = A915696D2158D17700AD5B34 /* PBXContainerItemProxy */;
		};
/* End PBXTargetDependency section */

/* Begin XCBuildConfiguration section */
		A91569742158D17700AD5B34 /* Debug */ = {
			isa = XCBuildConfiguration;
			buildSettings = {
				ALWAYS_SEARCH_USER_PATHS = NO;
				CLANG_ANALYZER_NONNULL = YES;
				CLANG_ANALYZER_NUMBER_OBJECT_CONVERSION = YES_AGGRESSIVE;
				CLANG_CXX_LANGUAGE_STANDARD = "gnu++14";
				CLANG_CXX_LIBRARY = "libc++";
				CLANG_ENABLE_MODULES = YES;
				CLANG_ENABLE_OBJC_ARC = YES;
				CLANG_ENABLE_OBJC_WEAK = YES;
				CLANG_WARN_BLOCK_CAPTURE_AUTORELEASING = YES;
				CLANG_WARN_BOOL_CONVERSION = YES;
				CLANG_WARN_COMMA = YES;
				CLANG_WARN_CONSTANT_CONVERSION = YES;
				CLANG_WARN_DEPRECATED_OBJC_IMPLEMENTATIONS = YES;
				CLANG_WARN_DIRECT_OBJC_ISA_USAGE = YES_ERROR;
				CLANG_WARN_DOCUMENTATION_COMMENTS = YES;
				CLANG_WARN_EMPTY_BODY = YES;
				CLANG_WARN_ENUM_CONVERSION = YES;
				CLANG_WARN_INFINITE_RECURSION = YES;
				CLANG_WARN_INT_CONVERSION = YES;
				CLANG_WARN_NON_LITERAL_NULL_CONVERSION = YES;
				CLANG_WARN_OBJC_IMPLICIT_RETAIN_SELF = YES;
				CLANG_WARN_OBJC_LITERAL_CONVERSION = YES;
				CLANG_WARN_OBJC_ROOT_CLASS = YES_ERROR;
				CLANG_WARN_RANGE_LOOP_ANALYSIS = YES;
				CLANG_WARN_STRICT_PROTOTYPES = YES;
				CLANG_WARN_SUSPICIOUS_MOVE = YES;
				CLANG_WARN_UNGUARDED_AVAILABILITY = YES_AGGRESSIVE;
				CLANG_WARN_UNREACHABLE_CODE = YES;
				CLANG_WARN__DUPLICATE_METHOD_MATCH = YES;
				CODE_SIGN_IDENTITY = "iPhone Developer";
				COPY_PHASE_STRIP = NO;
				CURRENT_PROJECT_VERSION = 1;
				DEBUG_INFORMATION_FORMAT = dwarf;
				ENABLE_STRICT_OBJC_MSGSEND = YES;
				ENABLE_TESTABILITY = YES;
				GCC_C_LANGUAGE_STANDARD = gnu11;
				GCC_DYNAMIC_NO_PIC = NO;
				GCC_NO_COMMON_BLOCKS = YES;
				GCC_OPTIMIZATION_LEVEL = 0;
				GCC_PREPROCESSOR_DEFINITIONS = (
					"DEBUG=1",
					"$(inherited)",
				);
				GCC_WARN_64_TO_32_BIT_CONVERSION = YES;
				GCC_WARN_ABOUT_RETURN_TYPE = YES_ERROR;
				GCC_WARN_UNDECLARED_SELECTOR = YES;
				GCC_WARN_UNINITIALIZED_AUTOS = YES_AGGRESSIVE;
				GCC_WARN_UNUSED_FUNCTION = YES;
				GCC_WARN_UNUSED_VARIABLE = YES;
				IPHONEOS_DEPLOYMENT_TARGET = 11.4;
				MTL_ENABLE_DEBUG_INFO = YES;
				ONLY_ACTIVE_ARCH = YES;
				SDKROOT = iphoneos;
				SWIFT_ACTIVE_COMPILATION_CONDITIONS = DEBUG;
				SWIFT_OPTIMIZATION_LEVEL = "-Onone";
				VERSIONING_SYSTEM = "apple-generic";
				VERSION_INFO_PREFIX = "";
			};
			name = Debug;
		};
		A91569752158D17700AD5B34 /* Release */ = {
			isa = XCBuildConfiguration;
			buildSettings = {
				ALWAYS_SEARCH_USER_PATHS = NO;
				CLANG_ANALYZER_NONNULL = YES;
				CLANG_ANALYZER_NUMBER_OBJECT_CONVERSION = YES_AGGRESSIVE;
				CLANG_CXX_LANGUAGE_STANDARD = "gnu++14";
				CLANG_CXX_LIBRARY = "libc++";
				CLANG_ENABLE_MODULES = YES;
				CLANG_ENABLE_OBJC_ARC = YES;
				CLANG_ENABLE_OBJC_WEAK = YES;
				CLANG_WARN_BLOCK_CAPTURE_AUTORELEASING = YES;
				CLANG_WARN_BOOL_CONVERSION = YES;
				CLANG_WARN_COMMA = YES;
				CLANG_WARN_CONSTANT_CONVERSION = YES;
				CLANG_WARN_DEPRECATED_OBJC_IMPLEMENTATIONS = YES;
				CLANG_WARN_DIRECT_OBJC_ISA_USAGE = YES_ERROR;
				CLANG_WARN_DOCUMENTATION_COMMENTS = YES;
				CLANG_WARN_EMPTY_BODY = YES;
				CLANG_WARN_ENUM_CONVERSION = YES;
				CLANG_WARN_INFINITE_RECURSION = YES;
				CLANG_WARN_INT_CONVERSION = YES;
				CLANG_WARN_NON_LITERAL_NULL_CONVERSION = YES;
				CLANG_WARN_OBJC_IMPLICIT_RETAIN_SELF = YES;
				CLANG_WARN_OBJC_LITERAL_CONVERSION = YES;
				CLANG_WARN_OBJC_ROOT_CLASS = YES_ERROR;
				CLANG_WARN_RANGE_LOOP_ANALYSIS = YES;
				CLANG_WARN_STRICT_PROTOTYPES = YES;
				CLANG_WARN_SUSPICIOUS_MOVE = YES;
				CLANG_WARN_UNGUARDED_AVAILABILITY = YES_AGGRESSIVE;
				CLANG_WARN_UNREACHABLE_CODE = YES;
				CLANG_WARN__DUPLICATE_METHOD_MATCH = YES;
				CODE_SIGN_IDENTITY = "iPhone Developer";
				COPY_PHASE_STRIP = NO;
				CURRENT_PROJECT_VERSION = 1;
				DEBUG_INFORMATION_FORMAT = "dwarf-with-dsym";
				ENABLE_NS_ASSERTIONS = NO;
				ENABLE_STRICT_OBJC_MSGSEND = YES;
				GCC_C_LANGUAGE_STANDARD = gnu11;
				GCC_NO_COMMON_BLOCKS = YES;
				GCC_WARN_64_TO_32_BIT_CONVERSION = YES;
				GCC_WARN_ABOUT_RETURN_TYPE = YES_ERROR;
				GCC_WARN_UNDECLARED_SELECTOR = YES;
				GCC_WARN_UNINITIALIZED_AUTOS = YES_AGGRESSIVE;
				GCC_WARN_UNUSED_FUNCTION = YES;
				GCC_WARN_UNUSED_VARIABLE = YES;
				IPHONEOS_DEPLOYMENT_TARGET = 11.4;
				MTL_ENABLE_DEBUG_INFO = NO;
				SDKROOT = iphoneos;
				SWIFT_COMPILATION_MODE = wholemodule;
				SWIFT_OPTIMIZATION_LEVEL = "-O";
				VALIDATE_PRODUCT = YES;
				VERSIONING_SYSTEM = "apple-generic";
				VERSION_INFO_PREFIX = "";
			};
			name = Release;
		};
		A91569772158D17700AD5B34 /* Debug */ = {
			isa = XCBuildConfiguration;
			baseConfigurationReference = 97AC09F19ED1BBD3A955E695 /* Pods-JSONWebToken.debug.xcconfig */;
			buildSettings = {
				CODE_SIGN_IDENTITY = "";
				CODE_SIGN_STYLE = Automatic;
				DEFINES_MODULE = YES;
				DEVELOPMENT_TEAM = "";
				DYLIB_COMPATIBILITY_VERSION = 1;
				DYLIB_CURRENT_VERSION = 1;
				DYLIB_INSTALL_NAME_BASE = "@rpath";
				INFOPLIST_FILE = JSONWebToken/Info.plist;
				INSTALL_PATH = "$(LOCAL_LIBRARY_DIR)/Frameworks";
				IPHONEOS_DEPLOYMENT_TARGET = 10.2;
				LD_RUNPATH_SEARCH_PATHS = (
					"$(inherited)",
					"@executable_path/Frameworks",
					"@loader_path/Frameworks",
				);
				PRODUCT_BUNDLE_IDENTIFIER = "Emil-Sandstrom.JSONWebToken";
				PRODUCT_NAME = "$(TARGET_NAME:c99extidentifier)";
				SKIP_INSTALL = YES;
				SWIFT_VERSION = 4.0;
				TARGETED_DEVICE_FAMILY = "1,2";
			};
			name = Debug;
		};
		A91569782158D17700AD5B34 /* Release */ = {
			isa = XCBuildConfiguration;
			baseConfigurationReference = 370A3A309550266C741FEA6D /* Pods-JSONWebToken.release.xcconfig */;
			buildSettings = {
				CODE_SIGN_IDENTITY = "";
				CODE_SIGN_STYLE = Automatic;
				DEFINES_MODULE = YES;
				DEVELOPMENT_TEAM = "";
				DYLIB_COMPATIBILITY_VERSION = 1;
				DYLIB_CURRENT_VERSION = 1;
				DYLIB_INSTALL_NAME_BASE = "@rpath";
				INFOPLIST_FILE = JSONWebToken/Info.plist;
				INSTALL_PATH = "$(LOCAL_LIBRARY_DIR)/Frameworks";
				IPHONEOS_DEPLOYMENT_TARGET = 10.2;
				LD_RUNPATH_SEARCH_PATHS = (
					"$(inherited)",
					"@executable_path/Frameworks",
					"@loader_path/Frameworks",
				);
				PRODUCT_BUNDLE_IDENTIFIER = "Emil-Sandstrom.JSONWebToken";
				PRODUCT_NAME = "$(TARGET_NAME:c99extidentifier)";
				SKIP_INSTALL = YES;
				SWIFT_VERSION = 4.0;
				TARGETED_DEVICE_FAMILY = "1,2";
			};
			name = Release;
		};
		A915697A2158D17700AD5B34 /* Debug */ = {
			isa = XCBuildConfiguration;
			buildSettings = {
				CODE_SIGN_STYLE = Automatic;
				INFOPLIST_FILE = JSONWebTokenTests/Info.plist;
				LD_RUNPATH_SEARCH_PATHS = (
					"$(inherited)",
					"@executable_path/Frameworks",
					"@loader_path/Frameworks",
				);
				PRODUCT_BUNDLE_IDENTIFIER = "Emil-Sandstrom.JSONWebTokenTests";
				PRODUCT_NAME = "$(TARGET_NAME)";
				SWIFT_VERSION = 4.0;
				TARGETED_DEVICE_FAMILY = "1,2";
			};
			name = Debug;
		};
		A915697B2158D17700AD5B34 /* Release */ = {
			isa = XCBuildConfiguration;
			buildSettings = {
				CODE_SIGN_STYLE = Automatic;
				INFOPLIST_FILE = JSONWebTokenTests/Info.plist;
				LD_RUNPATH_SEARCH_PATHS = (
					"$(inherited)",
					"@executable_path/Frameworks",
					"@loader_path/Frameworks",
				);
				PRODUCT_BUNDLE_IDENTIFIER = "Emil-Sandstrom.JSONWebTokenTests";
				PRODUCT_NAME = "$(TARGET_NAME)";
				SWIFT_VERSION = 4.0;
				TARGETED_DEVICE_FAMILY = "1,2";
			};
			name = Release;
		};
/* End XCBuildConfiguration section */

/* Begin XCConfigurationList section */
		A915695C2158D17700AD5B34 /* Build configuration list for PBXProject "JSONWebToken" */ = {
			isa = XCConfigurationList;
			buildConfigurations = (
				A91569742158D17700AD5B34 /* Debug */,
				A91569752158D17700AD5B34 /* Release */,
			);
			defaultConfigurationIsVisible = 0;
			defaultConfigurationName = Release;
		};
		A91569762158D17700AD5B34 /* Build configuration list for PBXNativeTarget "JSONWebToken" */ = {
			isa = XCConfigurationList;
			buildConfigurations = (
				A91569772158D17700AD5B34 /* Debug */,
				A91569782158D17700AD5B34 /* Release */,
			);
			defaultConfigurationIsVisible = 0;
			defaultConfigurationName = Release;
		};
		A91569792158D17700AD5B34 /* Build configuration list for PBXNativeTarget "JSONWebTokenTests" */ = {
			isa = XCConfigurationList;
			buildConfigurations = (
				A915697A2158D17700AD5B34 /* Debug */,
				A915697B2158D17700AD5B34 /* Release */,
			);
			defaultConfigurationIsVisible = 0;
			defaultConfigurationName = Release;
		};
/* End XCConfigurationList section */
	};
	rootObject = A91569592158D17700AD5B34 /* Project object */;
}
